
Microsoft Visual Studio Solution File, Format Version 12.00
# Visual Studio Version 17
VisualStudioVersion = 17.2.32602.215
MinimumVisualStudioVersion = 10.0.40219.1
Project("{8BC9CEB8-8B4A-11D0-8D11-00A0C91BC942}") = "Sparky", "Sparky\Sparky.vcxproj", "{8388E4DF-1695-454F-9D28-A7161256FAA6}"
	ProjectSection(ProjectDependencies) = postProject
		{C2B7F379-6807-4E58-90CD-068A90861ABA} = {C2B7F379-6807-4E58-90CD-068A90861ABA}
	EndProjectSection
EndProject
Project("{8BC9CEB8-8B4A-11D0-8D11-00A0C91BC942}") = "Sandbox", "Sandbox\Sandbox.vcxproj", "{BC9A9471-0BFA-46DF-83DB-A6280E219109}"
	ProjectSection(ProjectDependencies) = postProject
		{8388E4DF-1695-454F-9D28-A7161256FAA6} = {8388E4DF-1695-454F-9D28-A7161256FAA6}
	EndProjectSection
EndProject
Project("{2150E333-8FDC-42A3-9474-1A3956D46DE8}") = "Dependencies", "Dependencies", "{87F5F594-3983-40AF-83ED-4789B2C90D1F}"
EndProject
Project("{8BC9CEB8-8B4A-11D0-8D11-00A0C91BC942}") = "SparkyCLI", "SparkyCLI\SparkyCLI.vcxproj", "{1D973A09-D2D2-4C1E-B1AF-A19886E234D1}"
EndProject
Project("{9A19103F-16F7-4668-BE54-9A1E7A4F7556}") = "SandboxCS", "SandboxCS\SandboxCS.csproj", "{5751D56A-AB79-4EBD-9FF5-28D06923328B}"
	ProjectSection(ProjectDependencies) = postProject
		{1D973A09-D2D2-4C1E-B1AF-A19886E234D1} = {1D973A09-D2D2-4C1E-B1AF-A19886E234D1}
	EndProjectSection
EndProject
Project("{8BC9CEB8-8B4A-11D0-8D11-00A0C91BC942}") = "ChernoCraft", "ChernoCraft\ChernoCraft.vcxproj", "{A31EB115-80E3-4F11-A5AC-922EFF494DC7}"
	ProjectSection(ProjectDependencies) = postProject
		{8388E4DF-1695-454F-9D28-A7161256FAA6} = {8388E4DF-1695-454F-9D28-A7161256FAA6}
	EndProjectSection
EndProject
Project("{2150E333-8FDC-42A3-9474-1A3956D46DE8}") = "Examples", "Examples", "{D70A4373-C096-4C2F-B3B9-0C1B396A458F}"
EndProject
Project("{8BC9CEB8-8B4A-11D0-8D11-00A0C91BC942}") = "Box2D", "Dependencies\Box2D\Box2D.vcxproj", "{C2B7F379-6807-4E58-90CD-068A90861ABA}"
EndProject
Project("{8BC9CEB8-8B4A-11D0-8D11-00A0C91BC942}") = "FreeType", "Dependencies\FreeType\FreeType.vcxproj", "{81593A3B-1E17-4DD4-9E83-437981D66E69}"
EndProject
Project("{8BC9CEB8-8B4A-11D0-8D11-00A0C91BC942}") = "libogg", "Dependencies\libogg\libogg.vcxproj", "{EDCE83B8-54A1-4A7F-9601-1BCB125FBB28}"
EndProject
Project("{8BC9CEB8-8B4A-11D0-8D11-00A0C91BC942}") = "libvorbis", "Dependencies\libvorbis\libvorbis.vcxproj", "{56A2ACE5-D6CD-4621-94C8-2414E176293A}"
EndProject
Project("{8BC9CEB8-8B4A-11D0-8D11-00A0C91BC942}") = "gorilla-audio", "Dependencies\gorilla-audio\gorilla-audio.vcxproj", "{1F6EE55C-2763-42A1-8CAD-FDBD7EBE4DE6}"
EndProject
Global
	GlobalSection(SolutionConfigurationPlatforms) = preSolution
		Debug|Any CPU = Debug|Any CPU
		Debug|Win32 = Debug|Win32
		Debug|x64 = Debug|x64
		emscripten|Any CPU = emscripten|Any CPU
		emscripten|Win32 = emscripten|Win32
		emscripten|x64 = emscripten|x64
		Release|Any CPU = Release|Any CPU
		Release|Win32 = Release|Win32
		Release|x64 = Release|x64
	EndGlobalSection
	GlobalSection(ProjectConfigurationPlatforms) = postSolution
		{8388E4DF-1695-454F-9D28-A7161256FAA6}.Debug|Any CPU.ActiveCfg = Debug|x64
		{8388E4DF-1695-454F-9D28-A7161256FAA6}.Debug|Any CPU.Build.0 = Debug|x64
		{8388E4DF-1695-454F-9D28-A7161256FAA6}.Debug|Win32.ActiveCfg = Debug|Win32
		{8388E4DF-1695-454F-9D28-A7161256FAA6}.Debug|Win32.Build.0 = Debug|Win32
		{8388E4DF-1695-454F-9D28-A7161256FAA6}.Debug|x64.ActiveCfg = Debug|x64
		{8388E4DF-1695-454F-9D28-A7161256FAA6}.Debug|x64.Build.0 = Debug|x64
		{8388E4DF-1695-454F-9D28-A7161256FAA6}.emscripten|Any CPU.ActiveCfg = emscripten|x64
		{8388E4DF-1695-454F-9D28-A7161256FAA6}.emscripten|Any CPU.Build.0 = emscripten|x64
		{8388E4DF-1695-454F-9D28-A7161256FAA6}.emscripten|Win32.ActiveCfg = emscripten|Win32
		{8388E4DF-1695-454F-9D28-A7161256FAA6}.emscripten|Win32.Build.0 = emscripten|Win32
		{8388E4DF-1695-454F-9D28-A7161256FAA6}.emscripten|x64.ActiveCfg = emscripten|x64
		{8388E4DF-1695-454F-9D28-A7161256FAA6}.emscripten|x64.Build.0 = emscripten|x64
		{8388E4DF-1695-454F-9D28-A7161256FAA6}.Release|Any CPU.ActiveCfg = Release|x64
		{8388E4DF-1695-454F-9D28-A7161256FAA6}.Release|Any CPU.Build.0 = Release|x64
		{8388E4DF-1695-454F-9D28-A7161256FAA6}.Release|Win32.ActiveCfg = Release|Win32
		{8388E4DF-1695-454F-9D28-A7161256FAA6}.Release|Win32.Build.0 = Release|Win32
		{8388E4DF-1695-454F-9D28-A7161256FAA6}.Release|x64.ActiveCfg = Release|x64
		{8388E4DF-1695-454F-9D28-A7161256FAA6}.Release|x64.Build.0 = Release|x64
		{BC9A9471-0BFA-46DF-83DB-A6280E219109}.Debug|Any CPU.ActiveCfg = Debug|x64
		{BC9A9471-0BFA-46DF-83DB-A6280E219109}.Debug|Any CPU.Build.0 = Debug|x64
		{BC9A9471-0BFA-46DF-83DB-A6280E219109}.Debug|Win32.ActiveCfg = Debug|Win32
		{BC9A9471-0BFA-46DF-83DB-A6280E219109}.Debug|Win32.Build.0 = Debug|Win32
		{BC9A9471-0BFA-46DF-83DB-A6280E219109}.Debug|x64.ActiveCfg = Debug|x64
		{BC9A9471-0BFA-46DF-83DB-A6280E219109}.Debug|x64.Build.0 = Debug|x64
		{BC9A9471-0BFA-46DF-83DB-A6280E219109}.emscripten|Any CPU.ActiveCfg = Release|x64
		{BC9A9471-0BFA-46DF-83DB-A6280E219109}.emscripten|Any CPU.Build.0 = Release|x64
		{BC9A9471-0BFA-46DF-83DB-A6280E219109}.emscripten|Win32.ActiveCfg = Debug|Win32
		{BC9A9471-0BFA-46DF-83DB-A6280E219109}.emscripten|Win32.Build.0 = Debug|Win32
		{BC9A9471-0BFA-46DF-83DB-A6280E219109}.emscripten|x64.ActiveCfg = Debug|x64
		{BC9A9471-0BFA-46DF-83DB-A6280E219109}.emscripten|x64.Build.0 = Debug|x64
		{BC9A9471-0BFA-46DF-83DB-A6280E219109}.Release|Any CPU.ActiveCfg = Release|x64
		{BC9A9471-0BFA-46DF-83DB-A6280E219109}.Release|Any CPU.Build.0 = Release|x64
		{BC9A9471-0BFA-46DF-83DB-A6280E219109}.Release|Win32.ActiveCfg = Release|Win32
		{BC9A9471-0BFA-46DF-83DB-A6280E219109}.Release|Win32.Build.0 = Release|Win32
		{BC9A9471-0BFA-46DF-83DB-A6280E219109}.Release|x64.ActiveCfg = Release|x64
		{BC9A9471-0BFA-46DF-83DB-A6280E219109}.Release|x64.Build.0 = Release|x64
		{1D973A09-D2D2-4C1E-B1AF-A19886E234D1}.Debug|Any CPU.ActiveCfg = Debug|x64
		{1D973A09-D2D2-4C1E-B1AF-A19886E234D1}.Debug|Any CPU.Build.0 = Debug|x64
		{1D973A09-D2D2-4C1E-B1AF-A19886E234D1}.Debug|Win32.ActiveCfg = Debug|Win32
		{1D973A09-D2D2-4C1E-B1AF-A19886E234D1}.Debug|Win32.Build.0 = Debug|Win32
		{1D973A09-D2D2-4C1E-B1AF-A19886E234D1}.Debug|x64.ActiveCfg = Debug|x64
		{1D973A09-D2D2-4C1E-B1AF-A19886E234D1}.Debug|x64.Build.0 = Debug|x64
		{1D973A09-D2D2-4C1E-B1AF-A19886E234D1}.emscripten|Any CPU.ActiveCfg = Debug|x64
		{1D973A09-D2D2-4C1E-B1AF-A19886E234D1}.emscripten|Any CPU.Build.0 = Debug|x64
		{1D973A09-D2D2-4C1E-B1AF-A19886E234D1}.emscripten|Win32.ActiveCfg = Debug|Win32
		{1D973A09-D2D2-4C1E-B1AF-A19886E234D1}.emscripten|Win32.Build.0 = Debug|Win32
		{1D973A09-D2D2-4C1E-B1AF-A19886E234D1}.emscripten|x64.ActiveCfg = Debug|x64
		{1D973A09-D2D2-4C1E-B1AF-A19886E234D1}.emscripten|x64.Build.0 = Debug|x64
		{1D973A09-D2D2-4C1E-B1AF-A19886E234D1}.Release|Any CPU.ActiveCfg = Release|x64
		{1D973A09-D2D2-4C1E-B1AF-A19886E234D1}.Release|Any CPU.Build.0 = Release|x64
		{1D973A09-D2D2-4C1E-B1AF-A19886E234D1}.Release|Win32.ActiveCfg = Release|Win32
		{1D973A09-D2D2-4C1E-B1AF-A19886E234D1}.Release|Win32.Build.0 = Release|Win32
		{1D973A09-D2D2-4C1E-B1AF-A19886E234D1}.Release|x64.ActiveCfg = Release|x64
		{1D973A09-D2D2-4C1E-B1AF-A19886E234D1}.Release|x64.Build.0 = Release|x64
		{5751D56A-AB79-4EBD-9FF5-28D06923328B}.Debug|Any CPU.ActiveCfg = Debug|Any CPU
		{5751D56A-AB79-4EBD-9FF5-28D06923328B}.Debug|Any CPU.Build.0 = Debug|Any CPU
		{5751D56A-AB79-4EBD-9FF5-28D06923328B}.Debug|Win32.ActiveCfg = Debug|Any CPU
		{5751D56A-AB79-4EBD-9FF5-28D06923328B}.Debug|Win32.Build.0 = Debug|Any CPU
		{5751D56A-AB79-4EBD-9FF5-28D06923328B}.Debug|x64.ActiveCfg = Debug|Any CPU
		{5751D56A-AB79-4EBD-9FF5-28D06923328B}.Debug|x64.Build.0 = Debug|Any CPU
		{5751D56A-AB79-4EBD-9FF5-28D06923328B}.emscripten|Any CPU.ActiveCfg = Debug|Any CPU
		{5751D56A-AB79-4EBD-9FF5-28D06923328B}.emscripten|Any CPU.Build.0 = Debug|Any CPU
		{5751D56A-AB79-4EBD-9FF5-28D06923328B}.emscripten|Win32.ActiveCfg = Debug|Any CPU
		{5751D56A-AB79-4EBD-9FF5-28D06923328B}.emscripten|Win32.Build.0 = Debug|Any CPU
		{5751D56A-AB79-4EBD-9FF5-28D06923328B}.emscripten|x64.ActiveCfg = Debug|Any CPU
		{5751D56A-AB79-4EBD-9FF5-28D06923328B}.emscripten|x64.Build.0 = Debug|Any CPU
		{5751D56A-AB79-4EBD-9FF5-28D06923328B}.Release|Any CPU.ActiveCfg = Release|Any CPU
		{5751D56A-AB79-4EBD-9FF5-28D06923328B}.Release|Any CPU.Build.0 = Release|Any CPU
		{5751D56A-AB79-4EBD-9FF5-28D06923328B}.Release|Win32.ActiveCfg = Release|Any CPU
		{5751D56A-AB79-4EBD-9FF5-28D06923328B}.Release|Win32.Build.0 = Release|Any CPU
		{5751D56A-AB79-4EBD-9FF5-28D06923328B}.Release|x64.ActiveCfg = Release|Any CPU
		{5751D56A-AB79-4EBD-9FF5-28D06923328B}.Release|x64.Build.0 = Release|Any CPU
		{A31EB115-80E3-4F11-A5AC-922EFF494DC7}.Debug|Any CPU.ActiveCfg = Debug|x64
		{A31EB115-80E3-4F11-A5AC-922EFF494DC7}.Debug|Any CPU.Build.0 = Debug|x64
		{A31EB115-80E3-4F11-A5AC-922EFF494DC7}.Debug|Win32.ActiveCfg = Debug|Win32
		{A31EB115-80E3-4F11-A5AC-922EFF494DC7}.Debug|Win32.Build.0 = Debug|Win32
		{A31EB115-80E3-4F11-A5AC-922EFF494DC7}.Debug|x64.ActiveCfg = Debug|x64
		{A31EB115-80E3-4F11-A5AC-922EFF494DC7}.Debug|x64.Build.0 = Debug|x64
		{A31EB115-80E3-4F11-A5AC-922EFF494DC7}.emscripten|Any CPU.ActiveCfg = Debug|x64
		{A31EB115-80E3-4F11-A5AC-922EFF494DC7}.emscripten|Any CPU.Build.0 = Debug|x64
		{A31EB115-80E3-4F11-A5AC-922EFF494DC7}.emscripten|Win32.ActiveCfg = Debug|Win32
		{A31EB115-80E3-4F11-A5AC-922EFF494DC7}.emscripten|Win32.Build.0 = Debug|Win32
		{A31EB115-80E3-4F11-A5AC-922EFF494DC7}.emscripten|x64.ActiveCfg = Debug|x64
		{A31EB115-80E3-4F11-A5AC-922EFF494DC7}.emscripten|x64.Build.0 = Debug|x64
		{A31EB115-80E3-4F11-A5AC-922EFF494DC7}.Release|Any CPU.ActiveCfg = Release|x64
		{A31EB115-80E3-4F11-A5AC-922EFF494DC7}.Release|Any CPU.Build.0 = Release|x64
		{A31EB115-80E3-4F11-A5AC-922EFF494DC7}.Release|Win32.ActiveCfg = Release|Win32
		{A31EB115-80E3-4F11-A5AC-922EFF494DC7}.Release|Win32.Build.0 = Release|Win32
		{A31EB115-80E3-4F11-A5AC-922EFF494DC7}.Release|x64.ActiveCfg = Release|x64
		{A31EB115-80E3-4F11-A5AC-922EFF494DC7}.Release|x64.Build.0 = Release|x64
		{C2B7F379-6807-4E58-90CD-068A90861ABA}.Debug|Any CPU.ActiveCfg = Debug|x64
		{C2B7F379-6807-4E58-90CD-068A90861ABA}.Debug|Any CPU.Build.0 = Debug|x64
		{C2B7F379-6807-4E58-90CD-068A90861ABA}.Debug|Win32.ActiveCfg = Debug|Win32
		{C2B7F379-6807-4E58-90CD-068A90861ABA}.Debug|Win32.Build.0 = Debug|Win32
		{C2B7F379-6807-4E58-90CD-068A90861ABA}.Debug|x64.ActiveCfg = Debug|x64
		{C2B7F379-6807-4E58-90CD-068A90861ABA}.Debug|x64.Build.0 = Debug|x64
		{C2B7F379-6807-4E58-90CD-068A90861ABA}.emscripten|Any CPU.ActiveCfg = Debug|x64
		{C2B7F379-6807-4E58-90CD-068A90861ABA}.emscripten|Any CPU.Build.0 = Debug|x64
		{C2B7F379-6807-4E58-90CD-068A90861ABA}.emscripten|Win32.ActiveCfg = Debug|Win32
		{C2B7F379-6807-4E58-90CD-068A90861ABA}.emscripten|Win32.Build.0 = Debug|Win32
		{C2B7F379-6807-4E58-90CD-068A90861ABA}.emscripten|x64.ActiveCfg = Debug|x64
		{C2B7F379-6807-4E58-90CD-068A90861ABA}.emscripten|x64.Build.0 = Debug|x64
		{C2B7F379-6807-4E58-90CD-068A90861ABA}.Release|Any CPU.ActiveCfg = Release|x64
		{C2B7F379-6807-4E58-90CD-068A90861ABA}.Release|Any CPU.Build.0 = Release|x64
		{C2B7F379-6807-4E58-90CD-068A90861ABA}.Release|Win32.ActiveCfg = Release|Win32
		{C2B7F379-6807-4E58-90CD-068A90861ABA}.Release|Win32.Build.0 = Release|Win32
		{C2B7F379-6807-4E58-90CD-068A90861ABA}.Release|x64.ActiveCfg = Release|x64
		{C2B7F379-6807-4E58-90CD-068A90861ABA}.Release|x64.Build.0 = Release|x64
		{81593A3B-1E17-4DD4-9E83-437981D66E69}.Debug|Any CPU.ActiveCfg = Debug|x64
		{81593A3B-1E17-4DD4-9E83-437981D66E69}.Debug|Any CPU.Build.0 = Debug|x64
		{81593A3B-1E17-4DD4-9E83-437981D66E69}.Debug|Win32.ActiveCfg = Debug|Win32
		{81593A3B-1E17-4DD4-9E83-437981D66E69}.Debug|Win32.Build.0 = Debug|Win32
		{81593A3B-1E17-4DD4-9E83-437981D66E69}.Debug|x64.ActiveCfg = Debug|x64
		{81593A3B-1E17-4DD4-9E83-437981D66E69}.Debug|x64.Build.0 = Debug|x64
		{81593A3B-1E17-4DD4-9E83-437981D66E69}.emscripten|Any CPU.ActiveCfg = Debug|x64
		{81593A3B-1E17-4DD4-9E83-437981D66E69}.emscripten|Any CPU.Build.0 = Debug|x64
		{81593A3B-1E17-4DD4-9E83-437981D66E69}.emscripten|Win32.ActiveCfg = Debug|Win32
		{81593A3B-1E17-4DD4-9E83-437981D66E69}.emscripten|Win32.Build.0 = Debug|Win32
		{81593A3B-1E17-4DD4-9E83-437981D66E69}.emscripten|x64.ActiveCfg = Debug|x64
		{81593A3B-1E17-4DD4-9E83-437981D66E69}.emscripten|x64.Build.0 = Debug|x64
		{81593A3B-1E17-4DD4-9E83-437981D66E69}.Release|Any CPU.ActiveCfg = Release|x64
		{81593A3B-1E17-4DD4-9E83-437981D66E69}.Release|Any CPU.Build.0 = Release|x64
		{81593A3B-1E17-4DD4-9E83-437981D66E69}.Release|Win32.ActiveCfg = Release|Win32
		{81593A3B-1E17-4DD4-9E83-437981D66E69}.Release|Win32.Build.0 = Release|Win32
		{81593A3B-1E17-4DD4-9E83-437981D66E69}.Release|x64.ActiveCfg = Release|x64
		{81593A3B-1E17-4DD4-9E83-437981D66E69}.Release|x64.Build.0 = Release|x64
		{EDCE83B8-54A1-4A7F-9601-1BCB125FBB28}.Debug|Any CPU.ActiveCfg = Debug|x64
		{EDCE83B8-54A1-4A7F-9601-1BCB125FBB28}.Debug|Any CPU.Build.0 = Debug|x64
		{EDCE83B8-54A1-4A7F-9601-1BCB125FBB28}.Debug|Win32.ActiveCfg = Debug|Win32
		{EDCE83B8-54A1-4A7F-9601-1BCB125FBB28}.Debug|Win32.Build.0 = Debug|Win32
		{EDCE83B8-54A1-4A7F-9601-1BCB125FBB28}.Debug|x64.ActiveCfg = Debug|x64
		{EDCE83B8-54A1-4A7F-9601-1BCB125FBB28}.Debug|x64.Build.0 = Debug|x64
		{EDCE83B8-54A1-4A7F-9601-1BCB125FBB28}.emscripten|Any CPU.ActiveCfg = Debug|x64
		{EDCE83B8-54A1-4A7F-9601-1BCB125FBB28}.emscripten|Any CPU.Build.0 = Debug|x64
		{EDCE83B8-54A1-4A7F-9601-1BCB125FBB28}.emscripten|Win32.ActiveCfg = Debug|Win32
		{EDCE83B8-54A1-4A7F-9601-1BCB125FBB28}.emscripten|Win32.Build.0 = Debug|Win32
		{EDCE83B8-54A1-4A7F-9601-1BCB125FBB28}.emscripten|x64.ActiveCfg = Debug|x64
		{EDCE83B8-54A1-4A7F-9601-1BCB125FBB28}.emscripten|x64.Build.0 = Debug|x64
		{EDCE83B8-54A1-4A7F-9601-1BCB125FBB28}.Release|Any CPU.ActiveCfg = Release|x64
		{EDCE83B8-54A1-4A7F-9601-1BCB125FBB28}.Release|Any CPU.Build.0 = Release|x64
		{EDCE83B8-54A1-4A7F-9601-1BCB125FBB28}.Release|Win32.ActiveCfg = Release|Win32
		{EDCE83B8-54A1-4A7F-9601-1BCB125FBB28}.Release|Win32.Build.0 = Release|Win32
		{EDCE83B8-54A1-4A7F-9601-1BCB125FBB28}.Release|x64.ActiveCfg = Release|x64
		{EDCE83B8-54A1-4A7F-9601-1BCB125FBB28}.Release|x64.Build.0 = Release|x64
		{56A2ACE5-D6CD-4621-94C8-2414E176293A}.Debug|Any CPU.ActiveCfg = Debug|x64
		{56A2ACE5-D6CD-4621-94C8-2414E176293A}.Debug|Any CPU.Build.0 = Debug|x64
		{56A2ACE5-D6CD-4621-94C8-2414E176293A}.Debug|Win32.ActiveCfg = Debug|Win32
		{56A2ACE5-D6CD-4621-94C8-2414E176293A}.Debug|Win32.Build.0 = Debug|Win32
		{56A2ACE5-D6CD-4621-94C8-2414E176293A}.Debug|x64.ActiveCfg = Debug|x64
		{56A2ACE5-D6CD-4621-94C8-2414E176293A}.Debug|x64.Build.0 = Debug|x64
		{56A2ACE5-D6CD-4621-94C8-2414E176293A}.emscripten|Any CPU.ActiveCfg = Debug|x64
		{56A2ACE5-D6CD-4621-94C8-2414E176293A}.emscripten|Any CPU.Build.0 = Debug|x64
		{56A2ACE5-D6CD-4621-94C8-2414E176293A}.emscripten|Win32.ActiveCfg = Debug|Win32
		{56A2ACE5-D6CD-4621-94C8-2414E176293A}.emscripten|Win32.Build.0 = Debug|Win32
		{56A2ACE5-D6CD-4621-94C8-2414E176293A}.emscripten|x64.ActiveCfg = Debug|x64
		{56A2ACE5-D6CD-4621-94C8-2414E176293A}.emscripten|x64.Build.0 = Debug|x64
		{56A2ACE5-D6CD-4621-94C8-2414E176293A}.Release|Any CPU.ActiveCfg = Release|x64
		{56A2ACE5-D6CD-4621-94C8-2414E176293A}.Release|Any CPU.Build.0 = Release|x64
		{56A2ACE5-D6CD-4621-94C8-2414E176293A}.Release|Win32.ActiveCfg = Release|Win32
		{56A2ACE5-D6CD-4621-94C8-2414E176293A}.Release|Win32.Build.0 = Release|Win32
		{56A2ACE5-D6CD-4621-94C8-2414E176293A}.Release|x64.ActiveCfg = Release|x64
		{56A2ACE5-D6CD-4621-94C8-2414E176293A}.Release|x64.Build.0 = Release|x64
		{1F6EE55C-2763-42A1-8CAD-FDBD7EBE4DE6}.Debug|Any CPU.ActiveCfg = Debug|x64
		{1F6EE55C-2763-42A1-8CAD-FDBD7EBE4DE6}.Debug|Any CPU.Build.0 = Debug|x64
		{1F6EE55C-2763-42A1-8CAD-FDBD7EBE4DE6}.Debug|Win32.ActiveCfg = Debug|Win32
		{1F6EE55C-2763-42A1-8CAD-FDBD7EBE4DE6}.Debug|Win32.Build.0 = Debug|Win32
		{1F6EE55C-2763-42A1-8CAD-FDBD7EBE4DE6}.Debug|x64.ActiveCfg = Debug|x64
		{1F6EE55C-2763-42A1-8CAD-FDBD7EBE4DE6}.Debug|x64.Build.0 = Debug|x64
		{1F6EE55C-2763-42A1-8CAD-FDBD7EBE4DE6}.emscripten|Any CPU.ActiveCfg = Debug|x64
		{1F6EE55C-2763-42A1-8CAD-FDBD7EBE4DE6}.emscripten|Any CPU.Build.0 = Debug|x64
		{1F6EE55C-2763-42A1-8CAD-FDBD7EBE4DE6}.emscripten|Win32.ActiveCfg = Debug|Win32
		{1F6EE55C-2763-42A1-8CAD-FDBD7EBE4DE6}.emscripten|Win32.Build.0 = Debug|Win32
		{1F6EE55C-2763-42A1-8CAD-FDBD7EBE4DE6}.emscripten|x64.ActiveCfg = Debug|x64
		{1F6EE55C-2763-42A1-8CAD-FDBD7EBE4DE6}.emscripten|x64.Build.0 = Debug|x64
		{1F6EE55C-2763-42A1-8CAD-FDBD7EBE4DE6}.Release|Any CPU.ActiveCfg = Release|x64
		{1F6EE55C-2763-42A1-8CAD-FDBD7EBE4DE6}.Release|Any CPU.Build.0 = Release|x64
		{1F6EE55C-2763-42A1-8CAD-FDBD7EBE4DE6}.Release|Win32.ActiveCfg = Release|Win32
		{1F6EE55C-2763-42A1-8CAD-FDBD7EBE4DE6}.Release|Win32.Build.0 = Release|Win32
		{1F6EE55C-2763-42A1-8CAD-FDBD7EBE4DE6}.Release|x64.ActiveCfg = Release|x64
		{1F6EE55C-2763-42A1-8CAD-FDBD7EBE4DE6}.Release|x64.Build.0 = Release|x64
	EndGlobalSection
	GlobalSection(SolutionProperties) = preSolution
		HideSolutionNode = FALSE
	EndGlobalSection
	GlobalSection(NestedProjects) = preSolution
		{A31EB115-80E3-4F11-A5AC-922EFF494DC7} = {D70A4373-C096-4C2F-B3B9-0C1B396A458F}
		{C2B7F379-6807-4E58-90CD-068A90861ABA} = {87F5F594-3983-40AF-83ED-4789B2C90D1F}
		{81593A3B-1E17-4DD4-9E83-437981D66E69} = {87F5F594-3983-40AF-83ED-4789B2C90D1F}
		{EDCE83B8-54A1-4A7F-9601-1BCB125FBB28} = {87F5F594-3983-40AF-83ED-4789B2C90D1F}
		{56A2ACE5-D6CD-4621-94C8-2414E176293A} = {87F5F594-3983-40AF-83ED-4789B2C90D1F}
		{1F6EE55C-2763-42A1-8CAD-FDBD7EBE4DE6} = {87F5F594-3983-40AF-83ED-4789B2C90D1F}
	EndGlobalSection
	GlobalSection(ExtensibilityGlobals) = postSolution
		SolutionGuid = {6E0B0D6C-360E-4126-8DC2-B3D502E9775C}
	EndGlobalSection
EndGlobal
