<?xml version="1.0" encoding="utf-8"?>
<Project ToolsVersion="4.0" xmlns="http://schemas.microsoft.com/developer/msbuild/2003">
  <ItemGroup>
    <Filter Include="Source Files">
      <UniqueIdentifier>{4FC737F1-C7A5-4376-A066-2A32D752A2FF}</UniqueIdentifier>
      <Extensions>cpp;c;cc;cxx;c++;cppm;ixx;def;odl;idl;hpj;bat;asm;asmx</Extensions>
    </Filter>
    <Filter Include="Header Files">
      <UniqueIdentifier>{93995380-89BD-4b04-88EB-625FBE52EBFB}</UniqueIdentifier>
      <Extensions>h;hh;hpp;hxx;h++;hm;inl;inc;ipp;xsd</Extensions>
    </Filter>
    <Filter Include="Resource Files">
      <UniqueIdentifier>{67DA6AB6-F800-4c08-8B7A-83BB121AAD01}</UniqueIdentifier>
      <Extensions>rc;ico;cur;bmp;dlg;rc2;rct;bin;rgs;gif;jpg;jpeg;jpe;resx;tiff;tif;png;wav;mfcribbon-ms</Extensions>
    </Filter>
    <Filter Include="Source Files\ext">
      <UniqueIdentifier>{56bab73b-c65e-4c3f-b791-40c912dff755}</UniqueIdentifier>
    </Filter>
    <Filter Include="Header Files\graphics">
      <UniqueIdentifier>{a9010a5e-76db-4e69-a1fd-9cb01aef0f16}</UniqueIdentifier>
    </Filter>
    <Filter Include="Header Files\utils">
      <UniqueIdentifier>{a28362c5-d43f-46ab-9fb6-f5beca32a0c0}</UniqueIdentifier>
    </Filter>
    <Filter Include="Header Files\ext">
      <UniqueIdentifier>{d40084de-b7c3-4869-bb49-95fb76593986}</UniqueIdentifier>
    </Filter>
    <Filter Include="Header Files\graphics\buffers">
      <UniqueIdentifier>{31ad8808-5cc0-4632-b2c7-57b8ba06c23f}</UniqueIdentifier>
    </Filter>
    <Filter Include="Header Files\graphics\layers">
      <UniqueIdentifier>{0128f80d-f3da-48d8-a75a-78f5cfd96820}</UniqueIdentifier>
    </Filter>
    <Filter Include="Header Files\graphics\renderables">
      <UniqueIdentifier>{7adb3b22-d9d7-4688-97f1-a0fc870d4d9a}</UniqueIdentifier>
    </Filter>
    <Filter Include="Source Files\graphics">
      <UniqueIdentifier>{1c20de9c-98f6-43d2-85b0-6cf82a4765fb}</UniqueIdentifier>
    </Filter>
    <Filter Include="Source Files\maths">
      <UniqueIdentifier>{58dbb390-7c31-42ae-904d-b5482b0e03e1}</UniqueIdentifier>
    </Filter>
    <Filter Include="Source Files\utils">
      <UniqueIdentifier>{bdf44aaf-5c2f-47d1-b297-b87d4d519037}</UniqueIdentifier>
    </Filter>
    <Filter Include="Source Files\graphics\buffers">
      <UniqueIdentifier>{c3dfce44-144f-48b5-9aff-714b190ac2d3}</UniqueIdentifier>
    </Filter>
    <Filter Include="Source Files\graphics\layers">
      <UniqueIdentifier>{dfd6fcc7-db35-4f7d-9ed6-260960751806}</UniqueIdentifier>
    </Filter>
    <Filter Include="Source Files\graphics\renderables">
      <UniqueIdentifier>{37c63c4f-a3d7-4d5f-9099-f4d427894b7d}</UniqueIdentifier>
    </Filter>
    <Filter Include="Shaders">
      <UniqueIdentifier>{9aa205c7-3229-4b17-80c7-bb9c71a0e638}</UniqueIdentifier>
    </Filter>
    <Filter Include="Header Files\ext\gorilla-audio">
      <UniqueIdentifier>{a20000db-7beb-4702-b46d-b044a044b2a5}</UniqueIdentifier>
    </Filter>
    <Filter Include="Header Files\ext\freetype">
      <UniqueIdentifier>{1d6dbf6c-dd3d-44a2-b783-948bf76e6cf6}</UniqueIdentifier>
    </Filter>
    <Filter Include="Header Files\ext\freetype-gl">
      <UniqueIdentifier>{30901432-108c-42bf-98be-3c8186c8be23}</UniqueIdentifier>
    </Filter>
    <Filter Include="Source Files\ext\freetype-gl">
      <UniqueIdentifier>{9f24c4c9-b776-4a2e-be8d-f8c4f6ebb985}</UniqueIdentifier>
    </Filter>
    <Filter Include="Source Files\ext\gorilla-audio">
      <UniqueIdentifier>{17b6b2f3-3fd4-4db5-a4d4-de854c6ebefb}</UniqueIdentifier>
    </Filter>
    <Filter Include="Source Files\ext\freetype">
      <UniqueIdentifier>{20a2a611-a649-47d0-8502-0cb9d9c4030a}</UniqueIdentifier>
    </Filter>
    <Filter Include="Source Files\ext\freetype\FT_MODULES">
      <UniqueIdentifier>{2cdc4498-5837-4cf3-96a8-8df567b8d74b}</UniqueIdentifier>
    </Filter>
    <Filter Include="Header Files\ext\vorbis">
      <UniqueIdentifier>{4416dde5-e2de-49bf-abbd-9ae2bb735309}</UniqueIdentifier>
    </Filter>
    <Filter Include="Header Files\maths">
      <UniqueIdentifier>{6dab726d-89fa-46b5-8026-32dd33d0a4f4}</UniqueIdentifier>
    </Filter>
    <Filter Include="Source Files\audio">
      <UniqueIdentifier>{69042150-ddaf-4a0c-9ff4-d50ee38abec0}</UniqueIdentifier>
    </Filter>
    <Filter Include="Header Files\audio">
      <UniqueIdentifier>{f3c05943-dcff-4dab-a500-6fbf68dd8a3d}</UniqueIdentifier>
    </Filter>
  </ItemGroup>
  <ItemGroup>
    <ClCompile Include="main.cpp">
      <Filter>Source Files</Filter>
    </ClCompile>
    <ClCompile Include="src\maths\mat4.cpp">
      <Filter>Source Files\maths</Filter>
    </ClCompile>
    <ClCompile Include="src\maths\vec2.cpp">
      <Filter>Source Files\maths</Filter>
    </ClCompile>
    <ClCompile Include="src\maths\vec3.cpp">
      <Filter>Source Files\maths</Filter>
    </ClCompile>
    <ClCompile Include="src\maths\vec4.cpp">
      <Filter>Source Files\maths</Filter>
    </ClCompile>
    <ClCompile Include="src\graphics\shader.cpp">
      <Filter>Source Files\graphics</Filter>
    </ClCompile>
    <ClCompile Include="src\graphics\texture.cpp">
      <Filter>Source Files\graphics</Filter>
    </ClCompile>
    <ClCompile Include="src\graphics\window.cpp">
      <Filter>Source Files\graphics</Filter>
    </ClCompile>
    <ClCompile Include="src\graphics\renderable2d.cpp">
      <Filter>Source Files\graphics</Filter>
    </ClCompile>
    <ClCompile Include="src\utils\timer.cpp">
      <Filter>Source Files\utils</Filter>
    </ClCompile>
    <ClCompile Include="src\graphics\batchrenderer2d.cpp">
      <Filter>Source Files\graphics</Filter>
    </ClCompile>
    <ClCompile Include="src\graphics\buffers\buffer.cpp">
      <Filter>Source Files\graphics\buffers</Filter>
    </ClCompile>
    <ClCompile Include="src\graphics\buffers\indexbuffer.cpp">
      <Filter>Source Files\graphics\buffers</Filter>
    </ClCompile>
    <ClCompile Include="src\graphics\buffers\vertexarray.cpp">
      <Filter>Source Files\graphics\buffers</Filter>
    </ClCompile>
    <ClCompile Include="src\graphics\layers\group.cpp">
      <Filter>Source Files\graphics\layers</Filter>
    </ClCompile>
    <ClCompile Include="src\graphics\label.cpp">
      <Filter>Source Files\graphics\renderables</Filter>
    </ClCompile>
    <ClCompile Include="src\graphics\sprite.cpp">
      <Filter>Source Files\graphics\renderables</Filter>
    </ClCompile>
    <ClCompile Include="ext\freetype-gl\platform.c">
      <Filter>Source Files\ext\freetype-gl</Filter>
    </ClCompile>
    <ClCompile Include="ext\freetype-gl\texture-atlas.c">
      <Filter>Source Files\ext\freetype-gl</Filter>
    </ClCompile>
    <ClCompile Include="ext\freetype-gl\texture-font.c">
      <Filter>Source Files\ext\freetype-gl</Filter>
    </ClCompile>
    <ClCompile Include="ext\freetype-gl\vector.c">
      <Filter>Source Files\ext\freetype-gl</Filter>
    </ClCompile>
    <ClCompile Include="ext\gorilla-audio\src\ga.c">
      <Filter>Source Files\ext\gorilla-audio</Filter>
    </ClCompile>
    <ClCompile Include="ext\gorilla-audio\src\devices\ga_openal.c">
      <Filter>Source Files\ext\gorilla-audio</Filter>
    </ClCompile>
    <ClCompile Include="ext\gorilla-audio\src\ga_stream.c">
      <Filter>Source Files\ext\gorilla-audio</Filter>
    </ClCompile>
    <ClCompile Include="ext\gorilla-audio\src\gau.c">
      <Filter>Source Files\ext\gorilla-audio</Filter>
    </ClCompile>
    <ClCompile Include="ext\gorilla-audio\src\common\gc_common.c">
      <Filter>Source Files\ext\gorilla-audio</Filter>
    </ClCompile>
    <ClCompile Include="ext\gorilla-audio\src\common\gc_thread.c">
      <Filter>Source Files\ext\gorilla-audio</Filter>
    </ClCompile>
    <ClCompile Include="src\graphics\font.cpp">
      <Filter>Source Files\graphics</Filter>
    </ClCompile>
    <ClCompile Include="src\graphics\font_manager.cpp">
      <Filter>Source Files\graphics</Filter>
    </ClCompile>
    <ClCompile Include="ext\freetype\src\base\ftbbox.c">
      <Filter>Source Files\ext\freetype\FT_MODULES</Filter>
    </ClCompile>
    <ClCompile Include="ext\freetype\src\base\ftgxval.c">
      <Filter>Source Files\ext\freetype\FT_MODULES</Filter>
    </ClCompile>
    <ClCompile Include="ext\freetype\src\base\ftlcdfil.c">
      <Filter>Source Files\ext\freetype\FT_MODULES</Filter>
    </ClCompile>
    <ClCompile Include="ext\freetype\src\base\ftmm.c">
      <Filter>Source Files\ext\freetype\FT_MODULES</Filter>
    </ClCompile>
    <ClCompile Include="ext\freetype\src\base\ftotval.c">
      <Filter>Source Files\ext\freetype\FT_MODULES</Filter>
    </ClCompile>
    <ClCompile Include="ext\freetype\src\base\ftpatent.c">
      <Filter>Source Files\ext\freetype\FT_MODULES</Filter>
    </ClCompile>
    <ClCompile Include="ext\freetype\src\base\ftpfr.c">
      <Filter>Source Files\ext\freetype\FT_MODULES</Filter>
    </ClCompile>
    <ClCompile Include="ext\freetype\src\base\ftsynth.c">
      <Filter>Source Files\ext\freetype\FT_MODULES</Filter>
    </ClCompile>
    <ClCompile Include="ext\freetype\src\base\fttype1.c">
      <Filter>Source Files\ext\freetype\FT_MODULES</Filter>
    </ClCompile>
    <ClCompile Include="ext\freetype\src\base\ftwinfnt.c">
      <Filter>Source Files\ext\freetype\FT_MODULES</Filter>
    </ClCompile>
    <ClCompile Include="ext\freetype\src\base\ftxf86.c">
      <Filter>Source Files\ext\freetype\FT_MODULES</Filter>
    </ClCompile>
    <ClCompile Include="ext\freetype\src\pcf\pcf.c">
      <Filter>Source Files\ext\freetype\FT_MODULES</Filter>
    </ClCompile>
    <ClCompile Include="ext\freetype\src\pfr\pfr.c">
      <Filter>Source Files\ext\freetype\FT_MODULES</Filter>
    </ClCompile>
    <ClCompile Include="ext\freetype\src\psaux\psaux.c">
      <Filter>Source Files\ext\freetype\FT_MODULES</Filter>
    </ClCompile>
    <ClCompile Include="ext\freetype\src\pshinter\pshinter.c">
      <Filter>Source Files\ext\freetype\FT_MODULES</Filter>
    </ClCompile>
    <ClCompile Include="ext\freetype\src\psnames\psmodule.c">
      <Filter>Source Files\ext\freetype\FT_MODULES</Filter>
    </ClCompile>
    <ClCompile Include="ext\freetype\src\raster\raster.c">
      <Filter>Source Files\ext\freetype\FT_MODULES</Filter>
    </ClCompile>
    <ClCompile Include="ext\freetype\src\sfnt\sfnt.c">
      <Filter>Source Files\ext\freetype\FT_MODULES</Filter>
    </ClCompile>
    <ClCompile Include="ext\freetype\src\truetype\truetype.c">
      <Filter>Source Files\ext\freetype\FT_MODULES</Filter>
    </ClCompile>
    <ClCompile Include="ext\freetype\src\type1\type1.c">
      <Filter>Source Files\ext\freetype\FT_MODULES</Filter>
    </ClCompile>
    <ClCompile Include="ext\freetype\src\cid\type1cid.c">
      <Filter>Source Files\ext\freetype\FT_MODULES</Filter>
    </ClCompile>
    <ClCompile Include="ext\freetype\src\type42\type42.c">
      <Filter>Source Files\ext\freetype\FT_MODULES</Filter>
    </ClCompile>
    <ClCompile Include="ext\freetype\src\winfonts\winfnt.c">
      <Filter>Source Files\ext\freetype\FT_MODULES</Filter>
    </ClCompile>
    <ClCompile Include="ext\freetype\src\autofit\autofit.c">
      <Filter>Source Files\ext\freetype</Filter>
    </ClCompile>
    <ClCompile Include="ext\freetype\src\bdf\bdf.c">
      <Filter>Source Files\ext\freetype</Filter>
    </ClCompile>
    <ClCompile Include="ext\freetype\src\cff\cff.c">
      <Filter>Source Files\ext\freetype</Filter>
    </ClCompile>
    <ClCompile Include="ext\freetype\src\base\ftbase.c">
      <Filter>Source Files\ext\freetype</Filter>
    </ClCompile>
    <ClCompile Include="ext\freetype\src\base\ftbitmap.c">
      <Filter>Source Files\ext\freetype</Filter>
    </ClCompile>
    <ClCompile Include="ext\freetype\src\cache\ftcache.c">
      <Filter>Source Files\ext\freetype</Filter>
    </ClCompile>
    <ClCompile Include="ext\freetype\src\base\ftdebug.c">
      <Filter>Source Files\ext\freetype</Filter>
    </ClCompile>
    <ClCompile Include="ext\freetype\src\base\ftfstype.c">
      <Filter>Source Files\ext\freetype</Filter>
    </ClCompile>
    <ClCompile Include="ext\freetype\src\base\ftgasp.c">
      <Filter>Source Files\ext\freetype</Filter>
    </ClCompile>
    <ClCompile Include="ext\freetype\src\base\ftglyph.c">
      <Filter>Source Files\ext\freetype</Filter>
    </ClCompile>
    <ClCompile Include="ext\freetype\src\gzip\ftgzip.c">
      <Filter>Source Files\ext\freetype</Filter>
    </ClCompile>
    <ClCompile Include="ext\freetype\src\base\ftinit.c">
      <Filter>Source Files\ext\freetype</Filter>
    </ClCompile>
    <ClCompile Include="ext\freetype\src\lzw\ftlzw.c">
      <Filter>Source Files\ext\freetype</Filter>
    </ClCompile>
    <ClCompile Include="ext\freetype\src\base\ftstroke.c">
      <Filter>Source Files\ext\freetype</Filter>
    </ClCompile>
    <ClCompile Include="ext\freetype\src\base\ftsystem.c">
      <Filter>Source Files\ext\freetype</Filter>
    </ClCompile>
    <ClCompile Include="ext\freetype\src\smooth\smooth.c">
      <Filter>Source Files\ext\freetype</Filter>
    </ClCompile>
    <ClCompile Include="src\graphics\layers\layer.cpp">
      <Filter>Source Files\graphics\layers</Filter>
    </ClCompile>
    <ClCompile Include="src\audio\sound.cpp">
      <Filter>Source Files\audio</Filter>
    </ClCompile>
    <ClCompile Include="src\audio\sound_manager.cpp">
      <Filter>Source Files\audio</Filter>
    </ClCompile>
    <ClCompile Include="tilelayer.cpp">
      <Filter>Source Files</Filter>
    </ClCompile>
    <ClCompile Include="src\graphics\texture_manager.cpp">
      <Filter>Source Files</Filter>
    </ClCompile>
  </ItemGroup>
  <ItemGroup>
    <ClInclude Include="src\graphics\batchrenderer2d.h">
      <Filter>Header Files\graphics</Filter>
    </ClInclude>
    <ClInclude Include="src\graphics\renderer2d.h">
      <Filter>Header Files\graphics</Filter>
    </ClInclude>
    <ClInclude Include="src\graphics\shader.h">
      <Filter>Header Files\graphics</Filter>
    </ClInclude>
    <ClInclude Include="src\graphics\texture.h">
      <Filter>Header Files\graphics</Filter>
    </ClInclude>
    <ClInclude Include="src\utils\fileutils.h">
      <Filter>Header Files\utils</Filter>
    </ClInclude>
    <ClInclude Include="src\utils\imageload.h">
      <Filter>Header Files\utils</Filter>
    </ClInclude>
    <ClInclude Include="src\utils\timer.h">
      <Filter>Header Files\utils</Filter>
    </ClInclude>
    <ClInclude Include="src\graphics\window.h">
      <Filter>Header Files\graphics</Filter>
    </ClInclude>
    <ClInclude Include="src\maths\mat4.h">
      <Filter>Header Files\maths</Filter>
    </ClInclude>
    <ClInclude Include="src\maths\maths.h">
      <Filter>Header Files\maths</Filter>
    </ClInclude>
    <ClInclude Include="src\maths\vec2.h">
      <Filter>Header Files\maths</Filter>
    </ClInclude>
    <ClInclude Include="src\maths\vec3.h">
      <Filter>Header Files\maths</Filter>
    </ClInclude>
    <ClInclude Include="src\maths\vec4.h">
      <Filter>Header Files\maths</Filter>
    </ClInclude>
    <ClInclude Include="src\graphics\buffers\buffer.h">
      <Filter>Header Files\graphics\buffers</Filter>
    </ClInclude>
    <ClInclude Include="src\graphics\buffers\indexbuffer.h">
      <Filter>Header Files\graphics\buffers</Filter>
    </ClInclude>
    <ClInclude Include="src\graphics\buffers\vertexarray.h">
      <Filter>Header Files\graphics\buffers</Filter>
    </ClInclude>
    <ClInclude Include="src\graphics\layers\group.h">
      <Filter>Header Files\graphics\layers</Filter>
    </ClInclude>
    <ClInclude Include="src\graphics\sprite.h">
      <Filter>Header Files\graphics\renderables</Filter>
    </ClInclude>
    <ClInclude Include="src\graphics\renderable2d.h">
      <Filter>Header Files\graphics\renderables</Filter>
    </ClInclude>
    <ClInclude Include="src\graphics\label.h">
      <Filter>Header Files\graphics\renderables</Filter>
    </ClInclude>
    <ClInclude Include="ext\freetype-gl\freetype-gl.h">
      <Filter>Header Files\ext\freetype-gl</Filter>
    </ClInclude>
    <ClInclude Include="ext\freetype-gl\opengl.h">
      <Filter>Header Files\ext\freetype-gl</Filter>
    </ClInclude>
    <ClInclude Include="ext\freetype-gl\platform.h">
      <Filter>Header Files\ext\freetype-gl</Filter>
    </ClInclude>
    <ClInclude Include="ext\freetype-gl\texture-atlas.h">
      <Filter>Header Files\ext\freetype-gl</Filter>
    </ClInclude>
    <ClInclude Include="ext\freetype-gl\texture-font.h">
      <Filter>Header Files\ext\freetype-gl</Filter>
    </ClInclude>
    <ClInclude Include="ext\freetype-gl\vec234.h">
      <Filter>Header Files\ext\freetype-gl</Filter>
    </ClInclude>
    <ClInclude Include="ext\freetype-gl\vector.h">
      <Filter>Header Files\ext\freetype-gl</Filter>
    </ClInclude>
    <ClInclude Include="ext\freetype\include\ft2build.h">
      <Filter>Header Files\ext\freetype</Filter>
    </ClInclude>
    <ClInclude Include="ext\freetype\include\config\ftconfig.h">
      <Filter>Header Files\ext\freetype</Filter>
    </ClInclude>
    <ClInclude Include="ext\freetype\include\config\ftheader.h">
      <Filter>Header Files\ext\freetype</Filter>
    </ClInclude>
    <ClInclude Include="ext\freetype\include\config\ftmodule.h">
      <Filter>Header Files\ext\freetype</Filter>
    </ClInclude>
    <ClInclude Include="ext\freetype\include\config\ftoption.h">
      <Filter>Header Files\ext\freetype</Filter>
    </ClInclude>
    <ClInclude Include="ext\freetype\include\config\ftstdlib.h">
      <Filter>Header Files\ext\freetype</Filter>
    </ClInclude>
    <ClInclude Include="ext\gorilla-audio\include\gorilla\common\gc_types.h">
      <Filter>Header Files\ext\gorilla-audio</Filter>
    </ClInclude>
    <ClInclude Include="ext\gorilla-audio\include\gorilla\ga.h">
      <Filter>Header Files\ext\gorilla-audio</Filter>
    </ClInclude>
    <ClInclude Include="ext\gorilla-audio\include\gorilla\ga_internal.h">
      <Filter>Header Files\ext\gorilla-audio</Filter>
    </ClInclude>
    <ClInclude Include="ext\gorilla-audio\include\gorilla\devices\ga_openal.h">
      <Filter>Header Files\ext\gorilla-audio</Filter>
    </ClInclude>
    <ClInclude Include="ext\gorilla-audio\include\gorilla\gau.h">
      <Filter>Header Files\ext\gorilla-audio</Filter>
    </ClInclude>
    <ClInclude Include="ext\gorilla-audio\include\gorilla\common\gc_common.h">
      <Filter>Header Files\ext\gorilla-audio</Filter>
    </ClInclude>
    <ClInclude Include="ext\gorilla-audio\include\gorilla\common\gc_thread.h">
      <Filter>Header Files\ext\gorilla-audio</Filter>
    </ClInclude>
    <ClInclude Include="src\graphics\font.h">
      <Filter>Header Files\graphics</Filter>
    </ClInclude>
    <ClInclude Include="src\graphics\font_manager.h">
      <Filter>Header Files\graphics</Filter>
    </ClInclude>
    <ClInclude Include="ext\gorilla-audio\include\vorbis\codec.h">
      <Filter>Header Files\ext\vorbis</Filter>
    </ClInclude>
    <ClInclude Include="ext\gorilla-audio\include\vorbis\vorbisenc.h">
      <Filter>Header Files\ext\vorbis</Filter>
    </ClInclude>
    <ClInclude Include="ext\gorilla-audio\include\vorbis\vorbisfile.h">
      <Filter>Header Files\ext\vorbis</Filter>
    </ClInclude>
    <ClInclude Include="src\graphics\layers\layer.h">
      <Filter>Header Files\graphics\layers</Filter>
    </ClInclude>
    <ClInclude Include="src\audio\sound.h">
      <Filter>Header Files\audio</Filter>
    </ClInclude>
    <ClInclude Include="src\audio\sound_manager.h">
      <Filter>Header Files\audio</Filter>
    </ClInclude>
    <ClInclude Include="src\utils\stringutils.h">
      <Filter>Header Files\utils</Filter>
    </ClInclude>
    <ClInclude Include="tilelayer.h">
      <Filter>Header Files</Filter>
    </ClInclude>
    <ClInclude Include="src\sparky.h">
      <Filter>Header Files</Filter>
    </ClInclude>
    <ClInclude Include="src\utils\Log.h">
      <Filter>Header Files</Filter>
    </ClInclude>
    <ClInclude Include="src\graphics\texture_manager.h">
      <Filter>Header Files</Filter>
    </ClInclude>
    <ClInclude Include="src\sparkygl.h">
      <Filter>Header Files</Filter>
    </ClInclude>
  </ItemGroup>
</Project>