<?xml version="1.0" encoding="utf-8"?>
<Project ToolsVersion="4.0" xmlns="http://schemas.microsoft.com/developer/msbuild/2003">
  <ItemGroup>
    <Filter Include="Source Files">
      <UniqueIdentifier>{4FC737F1-C7A5-4376-A066-2A32D752A2FF}</UniqueIdentifier>
      <Extensions>cpp;c;cc;cxx;c++;cppm;ixx;def;odl;idl;hpj;bat;asm;asmx</Extensions>
    </Filter>
    <Filter Include="Header Files">
      <UniqueIdentifier>{93995380-89BD-4b04-88EB-625FBE52EBFB}</UniqueIdentifier>
      <Extensions>h;hh;hpp;hxx;h++;hm;inl;inc;ipp;xsd</Extensions>
    </Filter>
    <Filter Include="Resource Files">
      <UniqueIdentifier>{67DA6AB6-F800-4c08-8B7A-83BB121AAD01}</UniqueIdentifier>
      <Extensions>rc;ico;cur;bmp;dlg;rc2;rct;bin;rgs;gif;jpg;jpeg;jpe;resx;tiff;tif;png;wav;mfcribbon-ms</Extensions>
    </Filter>
    <Filter Include="Source Files\ext">
      <UniqueIdentifier>{56bab73b-c65e-4c3f-b791-40c912dff755}</UniqueIdentifier>
    </Filter>
    <Filter Include="Header Files\graphics">
      <UniqueIdentifier>{a9010a5e-76db-4e69-a1fd-9cb01aef0f16}</UniqueIdentifier>
    </Filter>
    <Filter Include="Header Files\utils">
      <UniqueIdentifier>{a28362c5-d43f-46ab-9fb6-f5beca32a0c0}</UniqueIdentifier>
    </Filter>
    <Filter Include="Header Files\ext">
      <UniqueIdentifier>{d40084de-b7c3-4869-bb49-95fb76593986}</UniqueIdentifier>
    </Filter>
    <Filter Include="Header Files\graphics\buffers">
      <UniqueIdentifier>{31ad8808-5cc0-4632-b2c7-57b8ba06c23f}</UniqueIdentifier>
    </Filter>
    <Filter Include="Header Files\graphics\layers">
      <UniqueIdentifier>{0128f80d-f3da-48d8-a75a-78f5cfd96820}</UniqueIdentifier>
    </Filter>
    <Filter Include="Header Files\graphics\renderables">
      <UniqueIdentifier>{7adb3b22-d9d7-4688-97f1-a0fc870d4d9a}</UniqueIdentifier>
    </Filter>
    <Filter Include="Source Files\graphics">
      <UniqueIdentifier>{1c20de9c-98f6-43d2-85b0-6cf82a4765fb}</UniqueIdentifier>
    </Filter>
    <Filter Include="Source Files\maths">
      <UniqueIdentifier>{58dbb390-7c31-42ae-904d-b5482b0e03e1}</UniqueIdentifier>
    </Filter>
    <Filter Include="Source Files\utils">
      <UniqueIdentifier>{bdf44aaf-5c2f-47d1-b297-b87d4d519037}</UniqueIdentifier>
    </Filter>
    <Filter Include="Source Files\graphics\buffers">
      <UniqueIdentifier>{c3dfce44-144f-48b5-9aff-714b190ac2d3}</UniqueIdentifier>
    </Filter>
    <Filter Include="Source Files\graphics\layers">
      <UniqueIdentifier>{dfd6fcc7-db35-4f7d-9ed6-260960751806}</UniqueIdentifier>
    </Filter>
    <Filter Include="Source Files\graphics\renderables">
      <UniqueIdentifier>{37c63c4f-a3d7-4d5f-9099-f4d427894b7d}</UniqueIdentifier>
    </Filter>
    <Filter Include="Shaders">
      <UniqueIdentifier>{9aa205c7-3229-4b17-80c7-bb9c71a0e638}</UniqueIdentifier>
    </Filter>
    <Filter Include="Header Files\ext\gorilla-audio">
      <UniqueIdentifier>{a20000db-7beb-4702-b46d-b044a044b2a5}</UniqueIdentifier>
    </Filter>
    <Filter Include="Header Files\ext\freetype">
      <UniqueIdentifier>{1d6dbf6c-dd3d-44a2-b783-948bf76e6cf6}</UniqueIdentifier>
    </Filter>
    <Filter Include="Header Files\ext\freetype-gl">
      <UniqueIdentifier>{30901432-108c-42bf-98be-3c8186c8be23}</UniqueIdentifier>
    </Filter>
    <Filter Include="Source Files\ext\freetype-gl">
      <UniqueIdentifier>{9f24c4c9-b776-4a2e-be8d-f8c4f6ebb985}</UniqueIdentifier>
    </Filter>
    <Filter Include="Source Files\ext\gorilla-audio">
      <UniqueIdentifier>{17b6b2f3-3fd4-4db5-a4d4-de854c6ebefb}</UniqueIdentifier>
    </Filter>
    <Filter Include="Source Files\ext\freetype">
      <UniqueIdentifier>{20a2a611-a649-47d0-8502-0cb9d9c4030a}</UniqueIdentifier>
    </Filter>
    <Filter Include="Source Files\ext\freetype\FT_MODULES">
      <UniqueIdentifier>{2cdc4498-5837-4cf3-96a8-8df567b8d74b}</UniqueIdentifier>
    </Filter>
    <Filter Include="Header Files\ext\vorbis">
      <UniqueIdentifier>{4416dde5-e2de-49bf-abbd-9ae2bb735309}</UniqueIdentifier>
    </Filter>
    <Filter Include="Header Files\maths">
      <UniqueIdentifier>{6dab726d-89fa-46b5-8026-32dd33d0a4f4}</UniqueIdentifier>
    </Filter>
    <Filter Include="Source Files\audio">
      <UniqueIdentifier>{69042150-ddaf-4a0c-9ff4-d50ee38abec0}</UniqueIdentifier>
    </Filter>
    <Filter Include="Header Files\audio">
      <UniqueIdentifier>{f3c05943-dcff-4dab-a500-6fbf68dd8a3d}</UniqueIdentifier>
    </Filter>
  </ItemGroup>
  <ItemGroup>
    <ClCompile Include="src\sp\audio\Sound.cpp">
      <Filter>Source Files</Filter>
    </ClCompile>
    <ClCompile Include="src\sp\audio\SoundManager.cpp">
      <Filter>Source Files</Filter>
    </ClCompile>
    <ClCompile Include="src\sp\embedded\Embedded.cpp">
      <Filter>Source Files</Filter>
    </ClCompile>
    <ClCompile Include="src\sp\graphics\buffers\IndexBuffer.cpp">
      <Filter>Source Files</Filter>
    </ClCompile>
    <ClCompile Include="src\sp\graphics\buffers\VertexArray.cpp">
      <Filter>Source Files</Filter>
    </ClCompile>
    <ClCompile Include="src\sp\graphics\layers\Group.cpp">
      <Filter>Source Files</Filter>
    </ClCompile>
    <ClCompile Include="src\sp\graphics\layers\Layer.cpp">
      <Filter>Source Files</Filter>
    </ClCompile>
    <ClCompile Include="src\sp\graphics\shaders\Shader.cpp">
      <Filter>Source Files</Filter>
    </ClCompile>
    <ClCompile Include="src\sp\graphics\shaders\ShaderFactory.cpp">
      <Filter>Source Files</Filter>
    </ClCompile>
    <ClCompile Include="src\sp\graphics\BatchRenderer2D.cpp">
      <Filter>Source Files</Filter>
    </ClCompile>
    <ClCompile Include="src\sp\graphics\Font.cpp">
      <Filter>Source Files</Filter>
    </ClCompile>
    <ClCompile Include="src\sp\graphics\FontManager.cpp">
      <Filter>Source Files</Filter>
    </ClCompile>
    <ClCompile Include="src\sp\graphics\Framebuffer.cpp">
      <Filter>Source Files</Filter>
    </ClCompile>
    <ClCompile Include="src\sp\graphics\Label.cpp">
      <Filter>Source Files</Filter>
    </ClCompile>
    <ClCompile Include="src\sp\graphics\MeshFactory.cpp">
      <Filter>Source Files</Filter>
    </ClCompile>
    <ClCompile Include="src\sp\graphics\Sprite.cpp">
      <Filter>Source Files</Filter>
    </ClCompile>
    <ClCompile Include="src\sp\graphics\Texture.cpp">
      <Filter>Source Files</Filter>
    </ClCompile>
    <ClCompile Include="src\sp\graphics\TextureManager.cpp">
      <Filter>Source Files</Filter>
    </ClCompile>
    <ClCompile Include="src\sp\graphics\Window.cpp">
      <Filter>Source Files</Filter>
    </ClCompile>
    <ClCompile Include="src\sp\maths\mat4.cpp">
      <Filter>Source Files</Filter>
    </ClCompile>
    <ClCompile Include="src\sp\maths\vec2.cpp">
      <Filter>Source Files</Filter>
    </ClCompile>
    <ClCompile Include="src\sp\maths\vec3.cpp">
      <Filter>Source Files</Filter>
    </ClCompile>
    <ClCompile Include="src\sp\maths\vec4.cpp">
      <Filter>Source Files</Filter>
    </ClCompile>
    <ClCompile Include="src\sp\utils\Timer.cpp">
      <Filter>Source Files</Filter>
    </ClCompile>
    <ClCompile Include="src\platform\windows\Win32Log.cpp">
      <Filter>Source Files</Filter>
    </ClCompile>
    <ClCompile Include="src\platform\windows\Win32Application.cpp">
      <Filter>Source Files</Filter>
    </ClCompile>
    <ClCompile Include="src\platform\windows\Win32Window.cpp">
      <Filter>Source Files</Filter>
    </ClCompile>
    <ClCompile Include="src\sp\graphics\postfx\PostEffects.cpp">
      <Filter>Source Files</Filter>
    </ClCompile>
    <ClCompile Include="src\sp\graphics\postfx\PostEffectsPass.cpp">
      <Filter>Source Files</Filter>
    </ClCompile>
    <ClCompile Include="src\sp\graphics\layers\Layer2D.cpp">
      <Filter>Source Files</Filter>
    </ClCompile>
    <ClCompile Include="src\sp\events\Event.cpp">
      <Filter>Source Files</Filter>
    </ClCompile>
    <ClCompile Include="src\sp\events\KeyEvent.cpp">
      <Filter>Source Files</Filter>
    </ClCompile>
    <ClCompile Include="src\sp\events\MouseEvent.cpp">
      <Filter>Source Files</Filter>
    </ClCompile>
    <ClCompile Include="src\sp\app\Application.cpp">
      <Filter>Source Files</Filter>
    </ClCompile>
    <ClCompile Include="src\sp\graphics\buffers\BufferLayout.cpp">
      <Filter>Source Files</Filter>
    </ClCompile>
    <ClCompile Include="src\platform\opengl\SPOpenGLBuffer.cpp">
      <Filter>Source Files</Filter>
    </ClCompile>
    <ClCompile Include="src\platform\opengl\SPOpenGLRenderAPI.cpp">
      <Filter>Source Files</Filter>
    </ClCompile>
    <ClCompile Include="src\sp\maths\AABB.cpp">
      <Filter>Source Files</Filter>
    </ClCompile>
    <ClCompile Include="src\sp\String.cpp">
      <Filter>Source Files</Filter>
    </ClCompile>
    <ClCompile Include="src\sp\graphics\shaders\ShaderUniform.cpp">
      <Filter>Source Files</Filter>
    </ClCompile>
    <ClCompile Include="src\sp\graphics\ForwardRenderer.cpp">
      <Filter>Source Files</Filter>
    </ClCompile>
    <ClCompile Include="src\sp\graphics\Mesh.cpp">
      <Filter>Source Files</Filter>
    </ClCompile>
    <ClCompile Include="src\sp\graphics\Material.cpp">
      <Filter>Source Files</Filter>
    </ClCompile>
    <ClCompile Include="src\sp\graphics\layers\Layer3D.cpp">
      <Filter>Source Files</Filter>
    </ClCompile>
    <ClCompile Include="src\sp\graphics\Scene.cpp">
      <Filter>Source Files</Filter>
    </ClCompile>
    <ClCompile Include="src\sp\graphics\Renderable2D.cpp">
      <Filter>Source Files</Filter>
    </ClCompile>
    <ClCompile Include="src\sp\graphics\Model.cpp">
      <Filter>Source Files</Filter>
    </ClCompile>
    <ClCompile Include="src\sp\maths\Quaternion.cpp">
      <Filter>Source Files</Filter>
    </ClCompile>
    <ClCompile Include="src\sp\graphics\camera\Camera.cpp">
      <Filter>Source Files</Filter>
    </ClCompile>
    <ClCompile Include="src\sp\graphics\camera\MayaCamera.cpp">
      <Filter>Source Files</Filter>
    </ClCompile>
    <ClCompile Include="src\sp\entity\component\Component.cpp">
      <Filter>Source Files</Filter>
    </ClCompile>
    <ClCompile Include="src\sp\entity\component\MeshComponent.cpp">
      <Filter>Source Files</Filter>
    </ClCompile>
    <ClCompile Include="src\sp\entity\component\TransformComponent.cpp">
      <Filter>Source Files</Filter>
    </ClCompile>
    <ClCompile Include="src\sp\entity\Entity.cpp">
      <Filter>Source Files</Filter>
    </ClCompile>
  </ItemGroup>
  <ItemGroup>
    <ClInclude Include="ext\freetype\include\ft2build.h">
      <Filter>Header Files\ext\freetype</Filter>
    </ClInclude>
    <ClInclude Include="ext\freetype\include\config\ftconfig.h">
      <Filter>Header Files\ext\freetype</Filter>
    </ClInclude>
    <ClInclude Include="ext\freetype\include\config\ftheader.h">
      <Filter>Header Files\ext\freetype</Filter>
    </ClInclude>
    <ClInclude Include="ext\freetype\include\config\ftmodule.h">
      <Filter>Header Files\ext\freetype</Filter>
    </ClInclude>
    <ClInclude Include="ext\freetype\include\config\ftoption.h">
      <Filter>Header Files\ext\freetype</Filter>
    </ClInclude>
    <ClInclude Include="ext\freetype\include\config\ftstdlib.h">
      <Filter>Header Files\ext\freetype</Filter>
    </ClInclude>
    <ClInclude Include="src\sp\audio\Sound.h">
      <Filter>Header Files</Filter>
    </ClInclude>
    <ClInclude Include="src\sp\audio\SoundManager.h">
      <Filter>Header Files</Filter>
    </ClInclude>
    <ClInclude Include="src\sp\embedded\Embedded.h">
      <Filter>Header Files</Filter>
    </ClInclude>
    <ClInclude Include="src\sp\graphics\buffers\Buffer.h">
      <Filter>Header Files</Filter>
    </ClInclude>
    <ClInclude Include="src\sp\graphics\buffers\IndexBuffer.h">
      <Filter>Header Files</Filter>
    </ClInclude>
    <ClInclude Include="src\sp\graphics\buffers\VertexArray.h">
      <Filter>Header Files</Filter>
    </ClInclude>
    <ClInclude Include="src\sp\graphics\layers\Group.h">
      <Filter>Header Files</Filter>
    </ClInclude>
    <ClInclude Include="src\sp\graphics\layers\Layer.h">
      <Filter>Header Files</Filter>
    </ClInclude>
    <ClInclude Include="src\sp\graphics\shaders\Shader.h">
      <Filter>Header Files</Filter>
    </ClInclude>
    <ClInclude Include="src\sp\graphics\shaders\ShaderFactory.h">
      <Filter>Header Files</Filter>
    </ClInclude>
    <ClInclude Include="src\sp\graphics\BatchRenderer2D.h">
      <Filter>Header Files</Filter>
    </ClInclude>
    <ClInclude Include="src\sp\graphics\Font.h">
      <Filter>Header Files</Filter>
    </ClInclude>
    <ClInclude Include="src\sp\graphics\FontManager.h">
      <Filter>Header Files</Filter>
    </ClInclude>
    <ClInclude Include="src\sp\graphics\Framebuffer.h">
      <Filter>Header Files</Filter>
    </ClInclude>
    <ClInclude Include="src\sp\graphics\Label.h">
      <Filter>Header Files</Filter>
    </ClInclude>
    <ClInclude Include="src\sp\graphics\Mask.h">
      <Filter>Header Files</Filter>
    </ClInclude>
    <ClInclude Include="src\sp\graphics\MeshFactory.h">
      <Filter>Header Files</Filter>
    </ClInclude>
    <ClInclude Include="src\sp\graphics\Renderable2D.h">
      <Filter>Header Files</Filter>
    </ClInclude>
    <ClInclude Include="src\sp\graphics\Renderer2D.h">
      <Filter>Header Files</Filter>
    </ClInclude>
    <ClInclude Include="src\sp\graphics\Sprite.h">
      <Filter>Header Files</Filter>
    </ClInclude>
    <ClInclude Include="src\sp\graphics\Texture.h">
      <Filter>Header Files</Filter>
    </ClInclude>
    <ClInclude Include="src\sp\graphics\TextureManager.h">
      <Filter>Header Files</Filter>
    </ClInclude>
    <ClInclude Include="src\sp\graphics\Window.h">
      <Filter>Header Files</Filter>
    </ClInclude>
    <ClInclude Include="src\sp\maths\mat4.h">
      <Filter>Header Files</Filter>
    </ClInclude>
    <ClInclude Include="src\sp\maths\maths.h">
      <Filter>Header Files</Filter>
    </ClInclude>
    <ClInclude Include="src\sp\maths\tvec2.h">
      <Filter>Header Files</Filter>
    </ClInclude>
    <ClInclude Include="src\sp\maths\vec2.h">
      <Filter>Header Files</Filter>
    </ClInclude>
    <ClInclude Include="src\sp\maths\vec3.h">
      <Filter>Header Files</Filter>
    </ClInclude>
    <ClInclude Include="src\sp\maths\vec4.h">
      <Filter>Header Files</Filter>
    </ClInclude>
    <ClInclude Include="src\sp\utils\FileUtils.h">
      <Filter>Header Files</Filter>
    </ClInclude>
    <ClInclude Include="src\sp\utils\ImageLoad.h">
      <Filter>Header Files</Filter>
    </ClInclude>
    <ClInclude Include="src\sp\utils\Log.h">
      <Filter>Header Files</Filter>
    </ClInclude>
    <ClInclude Include="src\sp\utils\StringUtils.h">
      <Filter>Header Files</Filter>
    </ClInclude>
    <ClInclude Include="src\sp\utils\Timer.h">
      <Filter>Header Files</Filter>
    </ClInclude>
    <ClInclude Include="src\sp\sparky.h">
      <Filter>Header Files</Filter>
    </ClInclude>
    <ClInclude Include="src\sp\Types.h">
      <Filter>Header Files</Filter>
    </ClInclude>
    <ClInclude Include="src\sp\sparkygl.h">
      <Filter>Header Files</Filter>
    </ClInclude>
    <ClInclude Include="src\sp\app\Application.h">
      <Filter>Header Files</Filter>
    </ClInclude>
    <ClInclude Include="src\sp\graphics\postfx\PostEffects.h">
      <Filter>Header Files</Filter>
    </ClInclude>
    <ClInclude Include="src\sp\graphics\postfx\PostEffectsPass.h">
      <Filter>Header Files</Filter>
    </ClInclude>
    <ClInclude Include="src\sp\maths\maths_func.h">
      <Filter>Header Files</Filter>
    </ClInclude>
    <ClInclude Include="src\sp\graphics\layers\Layer2D.h">
      <Filter>Header Files</Filter>
    </ClInclude>
    <ClInclude Include="src\sp\events\Event.h">
      <Filter>Header Files</Filter>
    </ClInclude>
    <ClInclude Include="src\sp\events\IEventListener.h">
      <Filter>Header Files</Filter>
    </ClInclude>
    <ClInclude Include="src\sp\events\KeyEvent.h">
      <Filter>Header Files</Filter>
    </ClInclude>
    <ClInclude Include="src\sp\events\MouseEvent.h">
      <Filter>Header Files</Filter>
    </ClInclude>
    <ClInclude Include="src\sp\graphics\buffers\BufferLayout.h">
      <Filter>Header Files</Filter>
    </ClInclude>
    <ClInclude Include="src\platform\opengl\SPOpenGLBuffer.h">
      <Filter>Header Files</Filter>
    </ClInclude>
    <ClInclude Include="src\sp\graphics\SPRenderAPI.h">
      <Filter>Header Files</Filter>
    </ClInclude>
    <ClInclude Include="src\sp\maths\AABB.h">
      <Filter>Header Files</Filter>
    </ClInclude>
    <ClInclude Include="src\sp\String.h">
      <Filter>Header Files</Filter>
    </ClInclude>
    <ClInclude Include="src\sp\graphics\shaders\ShaderUniform.h">
      <Filter>Header Files</Filter>
    </ClInclude>
    <ClInclude Include="src\sp\graphics\ForwardRenderer.h">
      <Filter>Header Files</Filter>
    </ClInclude>
    <ClInclude Include="src\sp\graphics\Renderer3D.h">
      <Filter>Header Files</Filter>
    </ClInclude>
    <ClInclude Include="src\sp\graphics\Mesh.h">
      <Filter>Header Files</Filter>
    </ClInclude>
    <ClInclude Include="src\sp\graphics\Material.h">
      <Filter>Header Files</Filter>
    </ClInclude>
    <ClInclude Include="src\sp\graphics\layers\Layer3D.h">
      <Filter>Header Files</Filter>
    </ClInclude>
    <ClInclude Include="src\sp\graphics\Scene.h">
      <Filter>Header Files</Filter>
    </ClInclude>
    <ClInclude Include="src\sp\graphics\Model.h">
      <Filter>Header Files</Filter>
    </ClInclude>
    <ClInclude Include="src\sp\graphics\IRenderable.h">
      <Filter>Header Files</Filter>
    </ClInclude>
    <ClInclude Include="src\sp\maths\Quaternion.h">
      <Filter>Header Files</Filter>
    </ClInclude>
    <ClInclude Include="src\sp\graphics\RenderCommand.h">
      <Filter>Header Files</Filter>
    </ClInclude>
    <ClInclude Include="src\sp\graphics\camera\Camera.h">
      <Filter>Header Files</Filter>
    </ClInclude>
    <ClInclude Include="src\sp\graphics\camera\MayaCamera.h">
      <Filter>Header Files</Filter>
    </ClInclude>
    <ClInclude Include="src\sp\entity\component\Component.h">
      <Filter>Header Files</Filter>
    </ClInclude>
    <ClInclude Include="src\sp\entity\component\Components.h">
      <Filter>Header Files</Filter>
    </ClInclude>
    <ClInclude Include="src\sp\entity\component\MeshComponent.h">
      <Filter>Header Files</Filter>
    </ClInclude>
    <ClInclude Include="src\sp\entity\component\TransformComponent.h">
      <Filter>Header Files</Filter>
    </ClInclude>
    <ClInclude Include="src\sp\entity\Entity.h">
      <Filter>Header Files</Filter>
    </ClInclude>
  </ItemGroup>
  <ItemGroup>
    <None Include="src\platform\opengl\SPOpenGLRenderAPI.inl">
      <Filter>Header Files</Filter>
    </None>
    <None Include="src\sp\graphics\shaders\default\BasicLight.shader" />
    <None Include="src\sp\graphics\shaders\default\Default.shader" />
    <None Include="src\sp\graphics\shaders\default\Simple.shader" />
  </ItemGroup>
</Project>